// !$*UTF8*$!
{
	archiveVersion = 1;
	classes = {
	};
	objectVersion = 51;
	objects = {

/* Begin PBXBuildFile section */
		417DE3A824EA88D8007B5E41 /* AppDelegate.swift in Sources */ = {isa = PBXBuildFile; fileRef = 417DE3A724EA88D8007B5E41 /* AppDelegate.swift */; };
		417DE3AA24EA88D8007B5E41 /* SceneDelegate.swift in Sources */ = {isa = PBXBuildFile; fileRef = 417DE3A924EA88D8007B5E41 /* SceneDelegate.swift */; };
		417DE3AC24EA88D8007B5E41 /* ViewController.swift in Sources */ = {isa = PBXBuildFile; fileRef = 417DE3AB24EA88D8007B5E41 /* ViewController.swift */; };
		417DE3AF24EA88D8007B5E41 /* Main.storyboard in Resources */ = {isa = PBXBuildFile; fileRef = 417DE3AD24EA88D8007B5E41 /* Main.storyboard */; };
		417DE3B124EA88DB007B5E41 /* Assets.xcassets in Resources */ = {isa = PBXBuildFile; fileRef = 417DE3B024EA88DB007B5E41 /* Assets.xcassets */; };
		417DE3B424EA88DB007B5E41 /* LaunchScreen.storyboard in Resources */ = {isa = PBXBuildFile; fileRef = 417DE3B224EA88DB007B5E41 /* LaunchScreen.storyboard */; };
		417DE3BD24EA8912007B5E41 /* NetworkTool.swift in Sources */ = {isa = PBXBuildFile; fileRef = 417DE3BC24EA8912007B5E41 /* NetworkTool.swift */; };
		417DE3C024EA8B8A007B5E41 /* BaseAPI.swift in Sources */ = {isa = PBXBuildFile; fileRef = 417DE3BF24EA8B8A007B5E41 /* BaseAPI.swift */; };
		417DE3C624EA9264007B5E41 /* ServerConfig.swift in Sources */ = {isa = PBXBuildFile; fileRef = 417DE3C524EA9264007B5E41 /* ServerConfig.swift */; };
		417DE3C924EA92AC007B5E41 /* BaseModel.swift in Sources */ = {isa = PBXBuildFile; fileRef = 417DE3C824EA92AC007B5E41 /* BaseModel.swift */; };
		417DE3CD24EA932B007B5E41 /* ServerConfigManager.swift in Sources */ = {isa = PBXBuildFile; fileRef = 417DE3CC24EA932B007B5E41 /* ServerConfigManager.swift */; };
		417DE3D324EA94D6007B5E41 /* CdnAPI.swift in Sources */ = {isa = PBXBuildFile; fileRef = 417DE3D224EA94D6007B5E41 /* CdnAPI.swift */; };
		FE65E3D620803663D90FD94C /* Pods_NetworkTool.framework in Frameworks */ = {isa = PBXBuildFile; fileRef = 0082899B5724E63E3C8274D8 /* Pods_NetworkTool.framework */; };
/* End PBXBuildFile section */

/* Begin PBXFileReference section */
		0082899B5724E63E3C8274D8 /* Pods_NetworkTool.framework */ = {isa = PBXFileReference; explicitFileType = wrapper.framework; includeInIndex = 0; path = Pods_NetworkTool.framework; sourceTree = BUILT_PRODUCTS_DIR; };
		35E0E060E3DEC295CBD62E7B /* Pods-NetworkTool.debug.xcconfig */ = {isa = PBXFileReference; includeInIndex = 1; lastKnownFileType = text.xcconfig; name = "Pods-NetworkTool.debug.xcconfig"; path = "Target Support Files/Pods-NetworkTool/Pods-NetworkTool.debug.xcconfig"; sourceTree = "<group>"; };
		417DE3A424EA88D8007B5E41 /* NetworkTool.app */ = {isa = PBXFileReference; explicitFileType = wrapper.application; includeInIndex = 0; path = NetworkTool.app; sourceTree = BUILT_PRODUCTS_DIR; };
		417DE3A724EA88D8007B5E41 /* AppDelegate.swift */ = {isa = PBXFileReference; lastKnownFileType = sourcecode.swift; path = AppDelegate.swift; sourceTree = "<group>"; };
		417DE3A924EA88D8007B5E41 /* SceneDelegate.swift */ = {isa = PBXFileReference; lastKnownFileType = sourcecode.swift; path = SceneDelegate.swift; sourceTree = "<group>"; };
		417DE3AB24EA88D8007B5E41 /* ViewController.swift */ = {isa = PBXFileReference; lastKnownFileType = sourcecode.swift; path = ViewController.swift; sourceTree = "<group>"; };
		417DE3AE24EA88D8007B5E41 /* Base */ = {isa = PBXFileReference; lastKnownFileType = file.storyboard; name = Base; path = Base.lproj/Main.storyboard; sourceTree = "<group>"; };
		417DE3B024EA88DB007B5E41 /* Assets.xcassets */ = {isa = PBXFileReference; lastKnownFileType = folder.assetcatalog; path = Assets.xcassets; sourceTree = "<group>"; };
		417DE3B324EA88DB007B5E41 /* Base */ = {isa = PBXFileReference; lastKnownFileType = file.storyboard; name = Base; path = Base.lproj/LaunchScreen.storyboard; sourceTree = "<group>"; };
		417DE3B524EA88DB007B5E41 /* Info.plist */ = {isa = PBXFileReference; lastKnownFileType = text.plist.xml; path = Info.plist; sourceTree = "<group>"; };
		417DE3BC24EA8912007B5E41 /* NetworkTool.swift */ = {isa = PBXFileReference; lastKnownFileType = sourcecode.swift; path = NetworkTool.swift; sourceTree = "<group>"; };
		417DE3BF24EA8B8A007B5E41 /* BaseAPI.swift */ = {isa = PBXFileReference; lastKnownFileType = sourcecode.swift; path = BaseAPI.swift; sourceTree = "<group>"; };
		417DE3C524EA9264007B5E41 /* ServerConfig.swift */ = {isa = PBXFileReference; lastKnownFileType = sourcecode.swift; path = ServerConfig.swift; sourceTree = "<group>"; };
		417DE3C824EA92AC007B5E41 /* BaseModel.swift */ = {isa = PBXFileReference; lastKnownFileType = sourcecode.swift; path = BaseModel.swift; sourceTree = "<group>"; };
		417DE3CC24EA932B007B5E41 /* ServerConfigManager.swift */ = {isa = PBXFileReference; lastKnownFileType = sourcecode.swift; path = ServerConfigManager.swift; sourceTree = "<group>"; };
		417DE3D224EA94D6007B5E41 /* CdnAPI.swift */ = {isa = PBXFileReference; lastKnownFileType = sourcecode.swift; path = CdnAPI.swift; sourceTree = "<group>"; };
		DC050830AAD999373CA6ED7B /* Pods-NetworkTool.release.xcconfig */ = {isa = PBXFileReference; includeInIndex = 1; lastKnownFileType = text.xcconfig; name = "Pods-NetworkTool.release.xcconfig"; path = "Target Support Files/Pods-NetworkTool/Pods-NetworkTool.release.xcconfig"; sourceTree = "<group>"; };
/* End PBXFileReference section */

/* Begin PBXFrameworksBuildPhase section */
		417DE3A124EA88D8007B5E41 /* Frameworks */ = {
			isa = PBXFrameworksBuildPhase;
			buildActionMask = 2147483647;
			files = (
				FE65E3D620803663D90FD94C /* Pods_NetworkTool.framework in Frameworks */,
			);
			runOnlyForDeploymentPostprocessing = 0;
		};
/* End PBXFrameworksBuildPhase section */

/* Begin PBXGroup section */
		358823298D865715E21966BD /* Frameworks */ = {
			isa = PBXGroup;
			children = (
				0082899B5724E63E3C8274D8 /* Pods_NetworkTool.framework */,
			);
			name = Frameworks;
			sourceTree = "<group>";
		};
		417DE39B24EA88D8007B5E41 = {
			isa = PBXGroup;
			children = (
				417DE3A624EA88D8007B5E41 /* NetworkTool */,
				417DE3A524EA88D8007B5E41 /* Products */,
				DC65CF976615BCB852D18BAE /* Pods */,
				358823298D865715E21966BD /* Frameworks */,
			);
			sourceTree = "<group>";
		};
		417DE3A524EA88D8007B5E41 /* Products */ = {
			isa = PBXGroup;
			children = (
				417DE3A424EA88D8007B5E41 /* NetworkTool.app */,
			);
			name = Products;
			sourceTree = "<group>";
		};
		417DE3A624EA88D8007B5E41 /* NetworkTool */ = {
			isa = PBXGroup;
			children = (
				417DE3C724EA9293007B5E41 /* Models */,
				417DE3BE24EA8B74007B5E41 /* APIs */,
				417DE3BB24EA88EF007B5E41 /* Network */,
				417DE3A724EA88D8007B5E41 /* AppDelegate.swift */,
				417DE3A924EA88D8007B5E41 /* SceneDelegate.swift */,
				417DE3AB24EA88D8007B5E41 /* ViewController.swift */,
				417DE3AD24EA88D8007B5E41 /* Main.storyboard */,
				417DE3B024EA88DB007B5E41 /* Assets.xcassets */,
				417DE3B224EA88DB007B5E41 /* LaunchScreen.storyboard */,
				417DE3B524EA88DB007B5E41 /* Info.plist */,
			);
			path = NetworkTool;
			sourceTree = "<group>";
		};
		417DE3BB24EA88EF007B5E41 /* Network */ = {
			isa = PBXGroup;
			children = (
				417DE3BC24EA8912007B5E41 /* NetworkTool.swift */,
			);
			path = Network;
			sourceTree = "<group>";
		};
		417DE3BE24EA8B74007B5E41 /* APIs */ = {
			isa = PBXGroup;
			children = (
				417DE3C424EA9109007B5E41 /* Configs */,
				417DE3BF24EA8B8A007B5E41 /* BaseAPI.swift */,
				417DE3D224EA94D6007B5E41 /* CdnAPI.swift */,
			);
			path = APIs;
			sourceTree = "<group>";
		};
		417DE3C424EA9109007B5E41 /* Configs */ = {
			isa = PBXGroup;
			children = (
				417DE3C524EA9264007B5E41 /* ServerConfig.swift */,
				417DE3CC24EA932B007B5E41 /* ServerConfigManager.swift */,
			);
			path = Configs;
			sourceTree = "<group>";
		};
		417DE3C724EA9293007B5E41 /* Models */ = {
			isa = PBXGroup;
			children = (
				417DE3C824EA92AC007B5E41 /* BaseModel.swift */,
			);
			path = Models;
			sourceTree = "<group>";
		};
		DC65CF976615BCB852D18BAE /* Pods */ = {
			isa = PBXGroup;
			children = (
				35E0E060E3DEC295CBD62E7B /* Pods-NetworkTool.debug.xcconfig */,
				DC050830AAD999373CA6ED7B /* Pods-NetworkTool.release.xcconfig */,
			);
			path = Pods;
			sourceTree = "<group>";
		};
/* End PBXGroup section */

/* Begin PBXNativeTarget section */
		417DE3A324EA88D8007B5E41 /* NetworkTool */ = {
			isa = PBXNativeTarget;
			buildConfigurationList = 417DE3B824EA88DB007B5E41 /* Build configuration list for PBXNativeTarget "NetworkTool" */;
			buildPhases = (
				263F4B0C0DCD2403774E060B /* [CP] Check Pods Manifest.lock */,
				417DE3A024EA88D8007B5E41 /* Sources */,
				417DE3A124EA88D8007B5E41 /* Frameworks */,
				417DE3A224EA88D8007B5E41 /* Resources */,
				45543942586C28D3DADF9325 /* [CP] Embed Pods Frameworks */,
			);
			buildRules = (
			);
			dependencies = (
			);
			name = NetworkTool;
			productName = NetworkTool;
			productReference = 417DE3A424EA88D8007B5E41 /* NetworkTool.app */;
			productType = "com.apple.product-type.application";
		};
/* End PBXNativeTarget section */

/* Begin PBXProject section */
		417DE39C24EA88D8007B5E41 /* Project object */ = {
			isa = PBXProject;
			attributes = {
				LastSwiftUpdateCheck = 1160;
				LastUpgradeCheck = 1160;
				ORGANIZATIONNAME = guangzhouyoutu;
				TargetAttributes = {
					417DE3A324EA88D8007B5E41 = {
						CreatedOnToolsVersion = 11.6;
					};
				};
			};
			buildConfigurationList = 417DE39F24EA88D8007B5E41 /* Build configuration list for PBXProject "NetworkTool" */;
			compatibilityVersion = "Xcode 9.3";
			developmentRegion = en;
			hasScannedForEncodings = 0;
			knownRegions = (
				en,
				Base,
			);
			mainGroup = 417DE39B24EA88D8007B5E41;
			productRefGroup = 417DE3A524EA88D8007B5E41 /* Products */;
			projectDirPath = "";
			projectRoot = "";
			targets = (
				417DE3A324EA88D8007B5E41 /* NetworkTool */,
			);
		};
/* End PBXProject section */

/* Begin PBXResourcesBuildPhase section */
		417DE3A224EA88D8007B5E41 /* Resources */ = {
			isa = PBXResourcesBuildPhase;
			buildActionMask = 2147483647;
			files = (
				417DE3B424EA88DB007B5E41 /* LaunchScreen.storyboard in Resources */,
				417DE3B124EA88DB007B5E41 /* Assets.xcassets in Resources */,
				417DE3AF24EA88D8007B5E41 /* Main.storyboard in Resources */,
			);
			runOnlyForDeploymentPostprocessing = 0;
		};
/* End PBXResourcesBuildPhase section */

/* Begin PBXShellScriptBuildPhase section */
		263F4B0C0DCD2403774E060B /* [CP] Check Pods Manifest.lock */ = {
			isa = PBXShellScriptBuildPhase;
			buildActionMask = 2147483647;
			files = (
			);
			inputFileListPaths = (
			);
			inputPaths = (
				"${PODS_PODFILE_DIR_PATH}/Podfile.lock",
				"${PODS_ROOT}/Manifest.lock",
			);
			name = "[CP] Check Pods Manifest.lock";
			outputFileListPaths = (
			);
			outputPaths = (
				"$(DERIVED_FILE_DIR)/Pods-NetworkTool-checkManifestLockResult.txt",
			);
			runOnlyForDeploymentPostprocessing = 0;
			shellPath = /bin/sh;
			shellScript = "diff \"${PODS_PODFILE_DIR_PATH}/Podfile.lock\" \"${PODS_ROOT}/Manifest.lock\" > /dev/null\nif [ $? != 0 ] ; then\n    # print error to STDERR\n    echo \"error: The sandbox is not in sync with the Podfile.lock. Run 'pod install' or update your CocoaPods installation.\" >&2\n    exit 1\nfi\n# This output is used by Xcode 'outputs' to avoid re-running this script phase.\necho \"SUCCESS\" > \"${SCRIPT_OUTPUT_FILE_0}\"\n";
			showEnvVarsInLog = 0;
		};
		45543942586C28D3DADF9325 /* [CP] Embed Pods Frameworks */ = {
			isa = PBXShellScriptBuildPhase;
			buildActionMask = 2147483647;
			files = (
			);
			inputFileListPaths = (
				"${PODS_ROOT}/Target Support Files/Pods-NetworkTool/Pods-NetworkTool-frameworks-${CONFIGURATION}-input-files.xcfilelist",
			);
			name = "[CP] Embed Pods Frameworks";
			outputFileListPaths = (
				"${PODS_ROOT}/Target Support Files/Pods-NetworkTool/Pods-NetworkTool-frameworks-${CONFIGURATION}-output-files.xcfilelist",
			);
			runOnlyForDeploymentPostprocessing = 0;
			shellPath = /bin/sh;
			shellScript = "\"${PODS_ROOT}/Target Support Files/Pods-NetworkTool/Pods-NetworkTool-frameworks.sh\"\n";
			showEnvVarsInLog = 0;
		};
/* End PBXShellScriptBuildPhase section */

/* Begin PBXSourcesBuildPhase section */
		417DE3A024EA88D8007B5E41 /* Sources */ = {
			isa = PBXSourcesBuildPhase;
			buildActionMask = 2147483647;
			files = (
				417DE3C624EA9264007B5E41 /* ServerConfig.swift in Sources */,
				417DE3BD24EA8912007B5E41 /* NetworkTool.swift in Sources */,
				417DE3D324EA94D6007B5E41 /* CdnAPI.swift in Sources */,
				417DE3AC24EA88D8007B5E41 /* ViewController.swift in Sources */,
				417DE3A824EA88D8007B5E41 /* AppDelegate.swift in Sources */,
				417DE3AA24EA88D8007B5E41 /* SceneDelegate.swift in Sources */,
				417DE3CD24EA932B007B5E41 /* ServerConfigManager.swift in Sources */,
				417DE3C924EA92AC007B5E41 /* BaseModel.swift in Sources */,
				417DE3C024EA8B8A007B5E41 /* BaseAPI.swift in Sources */,
			);
			runOnlyForDeploymentPostprocessing = 0;
		};
/* End PBXSourcesBuildPhase section */

/* Begin PBXVariantGroup section */
		417DE3AD24EA88D8007B5E41 /* Main.storyboard */ = {
			isa = PBXVariantGroup;
			children = (
				417DE3AE24EA88D8007B5E41 /* Base */,
			);
			name = Main.storyboard;
			sourceTree = "<group>";
		};
		417DE3B224EA88DB007B5E41 /* LaunchScreen.storyboard */ = {
			isa = PBXVariantGroup;
			children = (
				417DE3B324EA88DB007B5E41 /* Base */,
			);
			name = LaunchScreen.storyboard;
			sourceTree = "<group>";
		};
/* End PBXVariantGroup section */

/* Begin XCBuildConfiguration section */
		417DE3B624EA88DB007B5E41 /* Debug */ = {
			isa = XCBuildConfiguration;
			buildSettings = {
				ALWAYS_SEARCH_USER_PATHS = NO;
				CLANG_ANALYZER_NONNULL = YES;
				CLANG_ANALYZER_NUMBER_OBJECT_CONVERSION = YES_AGGRESSIVE;
				CLANG_CXX_LANGUAGE_STANDARD = "gnu++14";
				CLANG_CXX_LIBRARY = "libc++";
				CLANG_ENABLE_MODULES = YES;
				CLANG_ENABLE_OBJC_ARC = YES;
				CLANG_ENABLE_OBJC_WEAK = YES;
				CLANG_WARN_BLOCK_CAPTURE_AUTORELEASING = YES;
				CLANG_WARN_BOOL_CONVERSION = YES;
				CLANG_WARN_COMMA = YES;
				CLANG_WARN_CONSTANT_CONVERSION = YES;
				CLANG_WARN_DEPRECATED_OBJC_IMPLEMENTATIONS = YES;
				CLANG_WARN_DIRECT_OBJC_ISA_USAGE = YES_ERROR;
				CLANG_WARN_DOCUMENTATION_COMMENTS = YES;
				CLANG_WARN_EMPTY_BODY = YES;
				CLANG_WARN_ENUM_CONVERSION = YES;
				CLANG_WARN_INFINITE_RECURSION = YES;
				CLANG_WARN_INT_CONVERSION = YES;
				CLANG_WARN_NON_LITERAL_NULL_CONVERSION = YES;
				CLANG_WARN_OBJC_IMPLICIT_RETAIN_SELF = YES;
				CLANG_WARN_OBJC_LITERAL_CONVERSION = YES;
				CLANG_WARN_OBJC_ROOT_CLASS = YES_ERROR;
				CLANG_WARN_RANGE_LOOP_ANALYSIS = YES;
				CLANG_WARN_STRICT_PROTOTYPES = YES;
				CLANG_WARN_SUSPICIOUS_MOVE = YES;
				CLANG_WARN_UNGUARDED_AVAILABILITY = YES_AGGRESSIVE;
				CLANG_WARN_UNREACHABLE_CODE = YES;
				CLANG_WARN__DUPLICATE_METHOD_MATCH = YES;
				COPY_PHASE_STRIP = NO;
				DEBUG_INFORMATION_FORMAT = dwarf;
				ENABLE_STRICT_OBJC_MSGSEND = YES;
				ENABLE_TESTABILITY = YES;
				GCC_C_LANGUAGE_STANDARD = gnu11;
				GCC_DYNAMIC_NO_PIC = NO;
				GCC_NO_COMMON_BLOCKS = YES;
				GCC_OPTIMIZATION_LEVEL = 0;
				GCC_PREPROCESSOR_DEFINITIONS = (
					"DEBUG=1",
					"$(inherited)",
				);
				GCC_WARN_64_TO_32_BIT_CONVERSION = YES;
				GCC_WARN_ABOUT_RETURN_TYPE = YES_ERROR;
				GCC_WARN_UNDECLARED_SELECTOR = YES;
				GCC_WARN_UNINITIALIZED_AUTOS = YES_AGGRESSIVE;
				GCC_WARN_UNUSED_FUNCTION = YES;
				GCC_WARN_UNUSED_VARIABLE = YES;
				IPHONEOS_DEPLOYMENT_TARGET = 13.6;
				MTL_ENABLE_DEBUG_INFO = INCLUDE_SOURCE;
				MTL_FAST_MATH = YES;
				ONLY_ACTIVE_ARCH = YES;
				SDKROOT = iphoneos;
				SWIFT_ACTIVE_COMPILATION_CONDITIONS = DEBUG;
				SWIFT_OPTIMIZATION_LEVEL = "-Onone";
			};
			name = Debug;
		};
		417DE3B724EA88DB007B5E41 /* Release */ = {
			isa = XCBuildConfiguration;
			buildSettings = {
				ALWAYS_SEARCH_USER_PATHS = NO;
				CLANG_ANALYZER_NONNULL = YES;
				CLANG_ANALYZER_NUMBER_OBJECT_CONVERSION = YES_AGGRESSIVE;
				CLANG_CXX_LANGUAGE_STANDARD = "gnu++14";
				CLANG_CXX_LIBRARY = "libc++";
				CLANG_ENABLE_MODULES = YES;
				CLANG_ENABLE_OBJC_ARC = YES;
				CLANG_ENABLE_OBJC_WEAK = YES;
				CLANG_WARN_BLOCK_CAPTURE_AUTORELEASING = YES;
				CLANG_WARN_BOOL_CONVERSION = YES;
				CLANG_WARN_COMMA = YES;
				CLANG_WARN_CONSTANT_CONVERSION = YES;
				CLANG_WARN_DEPRECATED_OBJC_IMPLEMENTATIONS = YES;
				CLANG_WARN_DIRECT_OBJC_ISA_USAGE = YES_ERROR;
				CLANG_WARN_DOCUMENTATION_COMMENTS = YES;
				CLANG_WARN_EMPTY_BODY = YES;
				CLANG_WARN_ENUM_CONVERSION = YES;
				CLANG_WARN_INFINITE_RECURSION = YES;
				CLANG_WARN_INT_CONVERSION = YES;
				CLANG_WARN_NON_LITERAL_NULL_CONVERSION = YES;
				CLANG_WARN_OBJC_IMPLICIT_RETAIN_SELF = YES;
				CLANG_WARN_OBJC_LITERAL_CONVERSION = YES;
				CLANG_WARN_OBJC_ROOT_CLASS = YES_ERROR;
				CLANG_WARN_RANGE_LOOP_ANALYSIS = YES;
				CLANG_WARN_STRICT_PROTOTYPES = YES;
				CLANG_WARN_SUSPICIOUS_MOVE = YES;
				CLANG_WARN_UNGUARDED_AVAILABILITY = YES_AGGRESSIVE;
				CLANG_WARN_UNREACHABLE_CODE = YES;
				CLANG_WARN__DUPLICATE_METHOD_MATCH = YES;
				COPY_PHASE_STRIP = NO;
				DEBUG_INFORMATION_FORMAT = "dwarf-with-dsym";
				ENABLE_NS_ASSERTIONS = NO;
				ENABLE_STRICT_OBJC_MSGSEND = YES;
				GCC_C_LANGUAGE_STANDARD = gnu11;
				GCC_NO_COMMON_BLOCKS = YES;
				GCC_WARN_64_TO_32_BIT_CONVERSION = YES;
				GCC_WARN_ABOUT_RETURN_TYPE = YES_ERROR;
				GCC_WARN_UNDECLARED_SELECTOR = YES;
				GCC_WARN_UNINITIALIZED_AUTOS = YES_AGGRESSIVE;
				GCC_WARN_UNUSED_FUNCTION = YES;
				GCC_WARN_UNUSED_VARIABLE = YES;
				IPHONEOS_DEPLOYMENT_TARGET = 13.6;
				MTL_ENABLE_DEBUG_INFO = NO;
				MTL_FAST_MATH = YES;
				SDKROOT = iphoneos;
				SWIFT_COMPILATION_MODE = wholemodule;
				SWIFT_OPTIMIZATION_LEVEL = "-O";
				VALIDATE_PRODUCT = YES;
			};
			name = Release;
		};
		417DE3B924EA88DB007B5E41 /* Debug */ = {
			isa = XCBuildConfiguration;
			baseConfigurationReference = 35E0E060E3DEC295CBD62E7B /* Pods-NetworkTool.debug.xcconfig */;
			buildSettings = {
				ASSETCATALOG_COMPILER_APPICON_NAME = AppIcon;
				CODE_SIGN_STYLE = Automatic;
				DEVELOPMENT_TEAM = 7SPWUV2RU4;
				INFOPLIST_FILE = NetworkTool/Info.plist;
				LD_RUNPATH_SEARCH_PATHS = (
					"$(inherited)",
					"@executable_path/Frameworks",
				);
				PRODUCT_BUNDLE_IDENTIFIER = com.jackie.NetworkTool;
				PRODUCT_NAME = "$(TARGET_NAME)";
				SWIFT_VERSION = 5.0;
				TARGETED_DEVICE_FAMILY = "1,2";
			};
			name = Debug;
		};
		417DE3BA24EA88DB007B5E41 /* Release */ = {
			isa = XCBuildConfiguration;
			baseConfigurationReference = DC050830AAD999373CA6ED7B /* Pods-NetworkTool.release.xcconfig */;
			buildSettings = {
				ASSETCATALOG_COMPILER_APPICON_NAME = AppIcon;
				CODE_SIGN_STYLE = Automatic;
				DEVELOPMENT_TEAM = 7SPWUV2RU4;
				INFOPLIST_FILE = NetworkTool/Info.plist;
				LD_RUNPATH_SEARCH_PATHS = (
					"$(inherited)",
					"@executable_path/Frameworks",
				);
				PRODUCT_BUNDLE_IDENTIFIER = com.jackie.NetworkTool;
				PRODUCT_NAME = "$(TARGET_NAME)";
				SWIFT_VERSION = 5.0;
				TARGETED_DEVICE_FAMILY = "1,2";
			};
			name = Release;
		};
/* End XCBuildConfiguration section */

/* Begin XCConfigurationList section */
		417DE39F24EA88D8007B5E41 /* Build configuration list for PBXProject "NetworkTool" */ = {
			isa = XCConfigurationList;
			buildConfigurations = (
				417DE3B624EA88DB007B5E41 /* Debug */,
				417DE3B724EA88DB007B5E41 /* Release */,
			);
			defaultConfigurationIsVisible = 0;
			defaultConfigurationName = Release;
		};
		417DE3B824EA88DB007B5E41 /* Build configuration list for PBXNativeTarget "NetworkTool" */ = {
			isa = XCConfigurationList;
			buildConfigurations = (
				417DE3B924EA88DB007B5E41 /* Debug */,
				417DE3BA24EA88DB007B5E41 /* Release */,
			);
			defaultConfigurationIsVisible = 0;
			defaultConfigurationName = Release;
		};
/* End XCConfigurationList section */
	};
	rootObject = 417DE39C24EA88D8007B5E41 /* Project object */;
}
